
Microsoft Visual Studio Solution File, Format Version 12.00
# Visual Studio Version 16
VisualStudioVersion = 16.0.29613.14
MinimumVisualStudioVersion = 10.0.40219.1
Project("{FAE04EC0-301F-11D3-BF4B-00C04F79EFBC}") = "WebApplication1", "WebApplication1.csproj", "{960028D5-2137-421B-AF73-1560F7629083}"
EndProject
Global
	GlobalSection(SolutionConfigurationPlatforms) = preSolution
		Debug|Any CPU = Debug|Any CPU
		Release|Any CPU = Release|Any CPU
	EndGlobalSection
	GlobalSection(ProjectConfigurationPlatforms) = postSolution
		{960028D5-2137-421B-AF73-1560F7629083}.Debug|Any CPU.ActiveCfg = Debug|Any CPU
		{960028D5-2137-421B-AF73-1560F7629083}.Debug|Any CPU.Build.0 = Debug|Any CPU
		{960028D5-2137-421B-AF73-1560F7629083}.Release|Any CPU.ActiveCfg = Release|Any CPU
		{960028D5-2137-421B-AF73-1560F7629083}.Release|Any CPU.Build.0 = Release|Any CPU
	EndGlobalSection
	GlobalSection(SolutionProperties) = preSolution
		HideSolutionNode = FALSE
	EndGlobalSection
	GlobalSection(ExtensibilityGlobals) = postSolution
		SolutionGuid = {FDE8CDD3-6A5A-492B-B16A-5CB92ADBD8C3}
	EndGlobalSection
EndGlobal
